
Microsoft Visual Studio Solution File, Format Version 12.00
# Visual Studio 15
VisualStudioVersion = 15.0.28307.168
MinimumVisualStudioVersion = 10.0.40219.1
Project("{8BC9CEB8-8B4A-11D0-8D11-00A0C91BC942}") = "5_3", "5_3\5_3.vcxproj", "{85722194-34BB-4EC3-95EB-291156D95013}"
EndProject
Global
	GlobalSection(SolutionConfigurationPlatforms) = preSolution
		Debug|x64 = Debug|x64
		Debug|x86 = Debug|x86
		Release|x64 = Release|x64
		Release|x86 = Release|x86
	EndGlobalSection
	GlobalSection(ProjectConfigurationPlatforms) = postSolution
		{85722194-34BB-4EC3-95EB-291156D95013}.Debug|x64.ActiveCfg = Debug|x64
		{85722194-34BB-4EC3-95EB-291156D95013}.Debug|x64.Build.0 = Debug|x64
		{85722194-34BB-4EC3-95EB-291156D95013}.Debug|x86.ActiveCfg = Debug|Win32
		{85722194-34BB-4EC3-95EB-291156D95013}.Debug|x86.Build.0 = Debug|Win32
		{85722194-34BB-4EC3-95EB-291156D95013}.Release|x64.ActiveCfg = Release|x64
		{85722194-34BB-4EC3-95EB-291156D95013}.Release|x64.Build.0 = Release|x64
		{85722194-34BB-4EC3-95EB-291156D95013}.Release|x86.ActiveCfg = Release|Win32
		{85722194-34BB-4EC3-95EB-291156D95013}.Release|x86.Build.0 = Release|Win32
	EndGlobalSection
	GlobalSection(SolutionProperties) = preSolution
		HideSolutionNode = FALSE
	EndGlobalSection
	GlobalSection(ExtensibilityGlobals) = postSolution
		SolutionGuid = {50D62BCD-481E-4966-9D7E-EF98151805E2}
	EndGlobalSection
EndGlobal
